
Microsoft Visual Studio Solution File, Format Version 12.00
# Visual Studio 14
VisualStudioVersion = 14.0.25420.1
MinimumVisualStudioVersion = 10.0.40219.1
Project("{2150E333-8FDC-42A3-9474-1A3956D46DE8}") = "src", "src", "{84E96096-600A-45AD-806A-61F1B4866776}"
EndProject
Project("{2150E333-8FDC-42A3-9474-1A3956D46DE8}") = "Solution Items", "Solution Items", "{93EC95D8-02EC-4FAE-9877-3D78B062615E}"
	ProjectSection(SolutionItems) = preProject
		global.json = global.json
	EndProjectSection
EndProject
Project("{8BB2217D-0F2D-49D1-97BC-3654ED321F3B}") = "Generwell.Web", "src\Generwell.Web\Generwell.Web.xproj", "{70C84B60-E334-4BC3-8451-952A77222165}"
EndProject
Project("{8BB2217D-0F2D-49D1-97BC-3654ED321F3B}") = "Generwell.Core", "src\Generwell.Core\Generwell.Core.xproj", "{686811BE-A566-4809-8A5F-32A2D3372A2E}"
EndProject
Project("{8BB2217D-0F2D-49D1-97BC-3654ED321F3B}") = "Generwell.Modules", "src\Generwell.Modules\Generwell.Modules.xproj", "{85E9B9F1-4532-45B1-BE53-7B8C4220ABC9}"
EndProject
Global
	GlobalSection(SolutionConfigurationPlatforms) = preSolution
		Debug|Any CPU = Debug|Any CPU
		Release|Any CPU = Release|Any CPU
	EndGlobalSection
	GlobalSection(ProjectConfigurationPlatforms) = postSolution
		{70C84B60-E334-4BC3-8451-952A77222165}.Debug|Any CPU.ActiveCfg = Debug|Any CPU
		{70C84B60-E334-4BC3-8451-952A77222165}.Debug|Any CPU.Build.0 = Debug|Any CPU
		{70C84B60-E334-4BC3-8451-952A77222165}.Release|Any CPU.ActiveCfg = Release|Any CPU
		{70C84B60-E334-4BC3-8451-952A77222165}.Release|Any CPU.Build.0 = Release|Any CPU
		{686811BE-A566-4809-8A5F-32A2D3372A2E}.Debug|Any CPU.ActiveCfg = Debug|Any CPU
		{686811BE-A566-4809-8A5F-32A2D3372A2E}.Debug|Any CPU.Build.0 = Debug|Any CPU
		{686811BE-A566-4809-8A5F-32A2D3372A2E}.Release|Any CPU.ActiveCfg = Release|Any CPU
		{686811BE-A566-4809-8A5F-32A2D3372A2E}.Release|Any CPU.Build.0 = Release|Any CPU
		{85E9B9F1-4532-45B1-BE53-7B8C4220ABC9}.Debug|Any CPU.ActiveCfg = Debug|Any CPU
		{85E9B9F1-4532-45B1-BE53-7B8C4220ABC9}.Debug|Any CPU.Build.0 = Debug|Any CPU
		{85E9B9F1-4532-45B1-BE53-7B8C4220ABC9}.Release|Any CPU.ActiveCfg = Release|Any CPU
		{85E9B9F1-4532-45B1-BE53-7B8C4220ABC9}.Release|Any CPU.Build.0 = Release|Any CPU
	EndGlobalSection
	GlobalSection(SolutionProperties) = preSolution
		HideSolutionNode = FALSE
	EndGlobalSection
	GlobalSection(NestedProjects) = preSolution
		{70C84B60-E334-4BC3-8451-952A77222165} = {84E96096-600A-45AD-806A-61F1B4866776}
		{686811BE-A566-4809-8A5F-32A2D3372A2E} = {84E96096-600A-45AD-806A-61F1B4866776}
		{85E9B9F1-4532-45B1-BE53-7B8C4220ABC9} = {84E96096-600A-45AD-806A-61F1B4866776}
	EndGlobalSection
EndGlobal
